<?xml version="1.0" encoding="utf-8"?>
<Project ToolsVersion="4.0" xmlns="http://schemas.microsoft.com/developer/msbuild/2003">
  <ItemGroup>
    <Filter Include="Enigne">
      <UniqueIdentifier>{1BD8D4B0-077A-FF86-F034-13DBDC7586D7}</UniqueIdentifier>
    </Filter>
  </ItemGroup>
  <ItemGroup>
    <ClInclude Include="src\Enigne.h" />
    <ClInclude Include="src\Enigne\Application.h">
      <Filter>Enigne</Filter>
    </ClInclude>
    <ClInclude Include="src\Enigne\Core.h">
      <Filter>Enigne</Filter>
    </ClInclude>
    <ClInclude Include="src\Enigne\EntryPoint.h">
      <Filter>Enigne</Filter>
    </ClInclude>
    <ClInclude Include="src\Enigne\Log.h">
      <Filter>Enigne</Filter>
    </ClInclude>
  </ItemGroup>
  <ItemGroup>
    <ClCompile Include="src\Enigne\Application.cpp">
      <Filter>Enigne</Filter>
    </ClCompile>
    <ClCompile Include="src\Enigne\Log.cpp">
      <Filter>Enigne</Filter>
    </ClCompile>
  </ItemGroup>
</Project>